
Microsoft Visual Studio Solution File, Format Version 12.00
# Visual Studio Version 17
VisualStudioVersion = 17.3.32901.215
MinimumVisualStudioVersion = 10.0.40219.1
Project("{FAE04EC0-301F-11D3-BF4B-00C04F79EFBC}") = "bolum2uygulama25", "bolum2uygulama25\bolum2uygulama25.csproj", "{CC4C116C-165C-42B0-9834-67E06965DB3B}"
EndProject
Global
	GlobalSection(SolutionConfigurationPlatforms) = preSolution
		Debug|Any CPU = Debug|Any CPU
		Release|Any CPU = Release|Any CPU
	EndGlobalSection
	GlobalSection(ProjectConfigurationPlatforms) = postSolution
		{CC4C116C-165C-42B0-9834-67E06965DB3B}.Debug|Any CPU.ActiveCfg = Debug|Any CPU
		{CC4C116C-165C-42B0-9834-67E06965DB3B}.Debug|Any CPU.Build.0 = Debug|Any CPU
		{CC4C116C-165C-42B0-9834-67E06965DB3B}.Release|Any CPU.ActiveCfg = Release|Any CPU
		{CC4C116C-165C-42B0-9834-67E06965DB3B}.Release|Any CPU.Build.0 = Release|Any CPU
	EndGlobalSection
	GlobalSection(SolutionProperties) = preSolution
		HideSolutionNode = FALSE
	EndGlobalSection
	GlobalSection(ExtensibilityGlobals) = postSolution
		SolutionGuid = {48F0C928-1B4D-4ECD-8C5C-770D5E47AE8D}
	EndGlobalSection
EndGlobal
